<?xml version="1.0" encoding="utf-8"?>
<Project ToolsVersion="4.0" xmlns="http://schemas.microsoft.com/developer/msbuild/2003">
  <ItemGroup>
    <Filter Include="Source Files">
      <UniqueIdentifier>{67bebf86-9539-4f7f-b9e9-a376519ec1f1}</UniqueIdentifier>
    </Filter>
    <Filter Include="Header Files">
      <UniqueIdentifier>{954a8f61-1c3e-419b-baca-c5e2b83c689a}</UniqueIdentifier>
    </Filter>
    <Filter Include="Assets">
      <UniqueIdentifier>{09095d68-bcd7-45c4-b007-5c8ddb5d60a4}</UniqueIdentifier>
    </Filter>
    <Filter Include="Assets\Shaders">
      <UniqueIdentifier>{8b0cb0c9-e0d8-4107-91c8-11654fac88e7}</UniqueIdentifier>
    </Filter>
    <Filter Include="Header Files\Framework">
      <UniqueIdentifier>{2f6f026f-52d9-4f7f-8fee-a803cb10194c}</UniqueIdentifier>
    </Filter>
    <Filter Include="Source Files\Framework">
      <UniqueIdentifier>{32f0bffc-a03f-41c2-bba6-91bd7728f9a7}</UniqueIdentifier>
    </Filter>
    <Filter Include="Source Files\Framework\Geometry">
      <UniqueIdentifier>{cc7b37ec-bae3-4dad-bddb-50075e4a76fa}</UniqueIdentifier>
    </Filter>
    <Filter Include="Header Files\Framework\Geometry">
      <UniqueIdentifier>{f0a3548d-a5d1-44ba-b766-b35d6545364b}</UniqueIdentifier>
    </Filter>
    <Filter Include="Header Files\Framework\GUI">
      <UniqueIdentifier>{afac20e1-648d-4753-ae9f-4bfb28ea43ab}</UniqueIdentifier>
    </Filter>
    <Filter Include="Source Files\Framework\GUI">
      <UniqueIdentifier>{3caa20e4-c949-46fb-872f-3c2e9755981b}</UniqueIdentifier>
    </Filter>
    <Filter Include="Source Files\RayTracing">
      <UniqueIdentifier>{7995c9b5-c848-44cc-af13-e15e33f63f66}</UniqueIdentifier>
    </Filter>
    <Filter Include="Header Files\RayTracing">
      <UniqueIdentifier>{f3672757-8b90-418f-9918-482120dc732a}</UniqueIdentifier>
    </Filter>
    <Filter Include="Header Files\Compute">
      <UniqueIdentifier>{5a9bbddf-c911-451a-bc63-dec6a15231b6}</UniqueIdentifier>
    </Filter>
    <Filter Include="Assets\Shaders\RayTracing">
      <UniqueIdentifier>{2acd62a2-982f-4db6-9f6f-367168646409}</UniqueIdentifier>
    </Filter>
    <Filter Include="Assets\Shaders\Compute">
      <UniqueIdentifier>{b720020e-4bfb-4dba-846f-8ca0ec766d4c}</UniqueIdentifier>
    </Filter>
    <Filter Include="Source Files\Compute">
      <UniqueIdentifier>{2ff12c70-eddd-44c3-8c47-625de93844bd}</UniqueIdentifier>
    </Filter>
  </ItemGroup>
  <ItemGroup>
    <ClInclude Include="DXSample.h">
      <Filter>Header Files\Framework</Filter>
    </ClInclude>
    <ClInclude Include="DXSampleHelper.h">
      <Filter>Header Files\Framework</Filter>
    </ClInclude>
    <ClInclude Include="stdafx.h">
      <Filter>Header Files\Framework</Filter>
    </ClInclude>
    <ClInclude Include="Win32Application.h">
      <Filter>Header Files\Framework</Filter>
    </ClInclude>
    <ClInclude Include="HonoursApplication.h">
      <Filter>Header Files</Filter>
    </ClInclude>
    <ClInclude Include="Utilities.h">
      <Filter>Header Files\Framework</Filter>
    </ClInclude>
    <ClInclude Include="Mesh.h">
      <Filter>Header Files\Framework\Geometry</Filter>
    </ClInclude>
    <ClInclude Include="CubeMesh.h">
      <Filter>Header Files\Framework\Geometry</Filter>
    </ClInclude>
    <ClInclude Include="TriangleMesh.h">
      <Filter>Header Files\Framework\Geometry</Filter>
    </ClInclude>
    <ClInclude Include="Camera.h">
      <Filter>Header Files\Framework</Filter>
    </ClInclude>
    <ClInclude Include="UploadBuffer.h">
      <Filter>Header Files\Framework</Filter>
    </ClInclude>
    <ClInclude Include="Resources.h">
      <Filter>Header Files</Filter>
    </ClInclude>
    <ClInclude Include="TimeSystem.h">
      <Filter>Header Files\Framework</Filter>
    </ClInclude>
    <ClInclude Include="imGUI\imgui.h">
      <Filter>Header Files\Framework\GUI</Filter>
    </ClInclude>
    <ClInclude Include="imGUI\imgui_impl_dx12.h">
      <Filter>Header Files\Framework\GUI</Filter>
    </ClInclude>
    <ClInclude Include="imGUI\imgui_impl_win32.h">
      <Filter>Header Files\Framework\GUI</Filter>
    </ClInclude>
    <ClInclude Include="imGUI\imgui_internal.h">
      <Filter>Header Files\Framework\GUI</Filter>
    </ClInclude>
    <ClInclude Include="imGUI\imstb_rectpack.h">
      <Filter>Header Files\Framework\GUI</Filter>
    </ClInclude>
    <ClInclude Include="imGUI\imstb_textedit.h">
      <Filter>Header Files\Framework\GUI</Filter>
    </ClInclude>
    <ClInclude Include="imGUI\imstb_truetype.h">
      <Filter>Header Files\Framework\GUI</Filter>
    </ClInclude>
    <ClInclude Include="imGUI\imconfig.h">
      <Filter>Header Files\Framework\GUI</Filter>
    </ClInclude>
    <ClInclude Include="RayTracingStructs.h">
      <Filter>Header Files\RayTracing</Filter>
    </ClInclude>
    <ClInclude Include="RayTracer.h">
      <Filter>Header Files\RayTracing</Filter>
    </ClInclude>
    <ClInclude Include="DeviceResources.h">
      <Filter>Header Files\Framework</Filter>
    </ClInclude>
    <ClInclude Include="ShaderTable.h" />
    <ClInclude Include="Input.h">
      <Filter>Header Files\Framework</Filter>
    </ClInclude>
    <ClInclude Include="FPCamera.h">
      <Filter>Header Files\Framework</Filter>
    </ClInclude>
    <ClInclude Include="Computer.h">
      <Filter>Header Files\Compute</Filter>
    </ClInclude>
    <ClInclude Include="ComputeStructs.h">
      <Filter>Header Files\Compute</Filter>
    </ClInclude>
    <ClInclude Include="AccelerationStructureManager.h">
      <Filter>Header Files\RayTracing</Filter>
    </ClInclude>
  </ItemGroup>
  <ItemGroup>
    <ClCompile Include="HonoursApplication.cpp">
      <Filter>Source Files</Filter>
    </ClCompile>
    <ClCompile Include="Win32Application.cpp">
      <Filter>Source Files\Framework</Filter>
    </ClCompile>
    <ClCompile Include="Main.cpp">
      <Filter>Source Files\Framework</Filter>
    </ClCompile>
    <ClCompile Include="stdafx.cpp">
      <Filter>Source Files\Framework</Filter>
    </ClCompile>
    <ClCompile Include="DXSample.cpp">
      <Filter>Source Files\Framework</Filter>
    </ClCompile>
    <ClCompile Include="Utilities.cpp">
      <Filter>Source Files\Framework</Filter>
    </ClCompile>
    <ClCompile Include="Mesh.cpp">
      <Filter>Source Files\Framework\Geometry</Filter>
    </ClCompile>
    <ClCompile Include="CubeMesh.cpp">
      <Filter>Source Files\Framework\Geometry</Filter>
    </ClCompile>
    <ClCompile Include="TriangleMesh.cpp">
      <Filter>Source Files\Framework\Geometry</Filter>
    </ClCompile>
    <ClCompile Include="Camera.cpp">
      <Filter>Source Files\Framework</Filter>
    </ClCompile>
    <ClCompile Include="Resources.cpp">
      <Filter>Source Files</Filter>
    </ClCompile>
    <ClCompile Include="TimeSystem.cpp">
      <Filter>Source Files\Framework</Filter>
    </ClCompile>
    <ClCompile Include="imGUI\imgui.cpp">
      <Filter>Source Files\Framework\GUI</Filter>
    </ClCompile>
    <ClCompile Include="imGUI\imgui_demo.cpp">
      <Filter>Source Files\Framework\GUI</Filter>
    </ClCompile>
    <ClCompile Include="imGUI\imgui_draw.cpp">
      <Filter>Source Files\Framework\GUI</Filter>
    </ClCompile>
    <ClCompile Include="imGUI\imgui_impl_dx12.cpp">
      <Filter>Source Files\Framework\GUI</Filter>
    </ClCompile>
    <ClCompile Include="imGUI\imgui_impl_win32.cpp">
      <Filter>Source Files\Framework\GUI</Filter>
    </ClCompile>
    <ClCompile Include="imGUI\imgui_tables.cpp">
      <Filter>Source Files\Framework\GUI</Filter>
    </ClCompile>
    <ClCompile Include="imGUI\imgui_widgets.cpp">
      <Filter>Source Files\Framework\GUI</Filter>
    </ClCompile>
    <ClCompile Include="RayTracer.cpp">
      <Filter>Source Files\RayTracing</Filter>
    </ClCompile>
    <ClCompile Include="DeviceResources.cpp">
      <Filter>Source Files\Framework</Filter>
    </ClCompile>
    <ClCompile Include="ShaderTable.cpp" />
    <ClCompile Include="Input.cpp">
      <Filter>Source Files\Framework</Filter>
    </ClCompile>
    <ClCompile Include="FPCamera.cpp">
      <Filter>Source Files\Framework</Filter>
    </ClCompile>
    <ClCompile Include="Computer.cpp">
      <Filter>Source Files\Compute</Filter>
    </ClCompile>
    <ClCompile Include="AccelerationStructureManager.cpp">
      <Filter>Source Files\RayTracing</Filter>
    </ClCompile>
  </ItemGroup>
  <ItemGroup>
    <CustomBuild Include="shaders.hlsl">
      <Filter>Assets\Shaders</Filter>
    </CustomBuild>
    <CustomBuild Include="RayHelpers.hlsli">
      <Filter>Assets\Shaders\RayTracing</Filter>
    </CustomBuild>
    <CustomBuild Include="RayTracing.hlsl">
      <Filter>Assets\Shaders\RayTracing</Filter>
    </CustomBuild>
    <CustomBuild Include="RayTracingCommon.hlsli">
      <Filter>Assets\Shaders\RayTracing</Filter>
    </CustomBuild>
    <CustomBuild Include="SdfHelpers.hlsli">
      <Filter>Assets\Shaders\RayTracing</Filter>
    </CustomBuild>
    <CustomBuild Include="ComputePositions.hlsl">
      <Filter>Assets\Shaders\Compute</Filter>
    </CustomBuild>
    <CustomBuild Include="ComputeCommon.hlsli">
      <Filter>Assets\Shaders\Compute</Filter>
    </CustomBuild>
    <CustomBuild Include="ComputeTexture.hlsl">
      <Filter>Assets\Shaders\Compute</Filter>
    </CustomBuild>
    <CustomBuild Include="dxcompiler.dll">
      <Filter>Assets</Filter>
    </CustomBuild>
    <CustomBuild Include="dxil.dll">
      <Filter>Assets</Filter>
    </CustomBuild>
    <CustomBuild Include="ComputeGrid.hlsl">
      <Filter>Assets\Shaders\Compute</Filter>
    </CustomBuild>
    <CustomBuild Include="ComputeBuildAABBs.hlsl">
      <Filter>Assets\Shaders\Compute</Filter>
    </CustomBuild>
    <CustomBuild Include="GlobalValues.hlsli">
      <Filter>Assets\Shaders</Filter>
    </CustomBuild>
  </ItemGroup>
  <ItemGroup>
    <None Include="packages.config" />
    <None Include="ComputeGridCommon.hlsli">
      <Filter>Assets\Shaders\Compute</Filter>
    </None>
  </ItemGroup>
</Project>